
Microsoft Visual Studio Solution File, Format Version 12.00
# Visual Studio Version 17
VisualStudioVersion = 17.4.33122.133
MinimumVisualStudioVersion = 10.0.40219.1
Project("{2150E333-8FDC-42A3-9474-1A3956D46DE8}") = "Services", "Services", "{4479E2D1-BC5F-40EE-958D-567F2419049A}"
EndProject
Project("{2150E333-8FDC-42A3-9474-1A3956D46DE8}") = "Catalog", "Catalog", "{277222D8-1A51-4E54-A611-76FF02F49B38}"
EndProject
Project("{9A19103F-16F7-4668-BE54-9A1E7A4F7556}") = "Catalog.API", "Services\Catalog\Catalog.API\Catalog.API.csproj", "{5E13C78D-224F-40A3-A79D-9C0F28CAF0F5}"
EndProject
Project("{E53339B2-1760-4266-BCC7-CA923CBCF16C}") = "docker-compose", "docker-compose.dcproj", "{2B9E0AEF-251D-4CDF-A646-B58AA7FA1B97}"
EndProject
Project("{2150E333-8FDC-42A3-9474-1A3956D46DE8}") = "Basket", "Basket", "{8589EFB4-C0EF-42A6-93FC-C130CD6969CB}"
EndProject
Project("{9A19103F-16F7-4668-BE54-9A1E7A4F7556}") = "Basket.API", "Services\Basket\Basket.API\Basket.API.csproj", "{28FA6188-6FF2-415F-9846-896C76D60AB9}"
EndProject
Project("{2150E333-8FDC-42A3-9474-1A3956D46DE8}") = "Discount", "Discount", "{7A5EFF20-CF41-4EA4-85BB-9BF15C2418D9}"
EndProject
Project("{9A19103F-16F7-4668-BE54-9A1E7A4F7556}") = "Discount.API", "Services\Discount\Discount.API\Discount.API.csproj", "{42AD64DA-942C-45FB-BD53-2D71721D92CC}"
EndProject
Project("{FAE04EC0-301F-11D3-BF4B-00C04F79EFBC}") = "Discount.Grpc", "Services\Discount\Discount.Grpc\Discount.Grpc.csproj", "{3BF5B21D-DDA4-485A-8388-22A6FB3EB751}"
EndProject
Global
	GlobalSection(SolutionConfigurationPlatforms) = preSolution
		Debug|Any CPU = Debug|Any CPU
		Release|Any CPU = Release|Any CPU
	EndGlobalSection
	GlobalSection(ProjectConfigurationPlatforms) = postSolution
		{5E13C78D-224F-40A3-A79D-9C0F28CAF0F5}.Debug|Any CPU.ActiveCfg = Debug|Any CPU
		{5E13C78D-224F-40A3-A79D-9C0F28CAF0F5}.Debug|Any CPU.Build.0 = Debug|Any CPU
		{5E13C78D-224F-40A3-A79D-9C0F28CAF0F5}.Release|Any CPU.ActiveCfg = Release|Any CPU
		{5E13C78D-224F-40A3-A79D-9C0F28CAF0F5}.Release|Any CPU.Build.0 = Release|Any CPU
		{2B9E0AEF-251D-4CDF-A646-B58AA7FA1B97}.Debug|Any CPU.ActiveCfg = Debug|Any CPU
		{2B9E0AEF-251D-4CDF-A646-B58AA7FA1B97}.Debug|Any CPU.Build.0 = Debug|Any CPU
		{2B9E0AEF-251D-4CDF-A646-B58AA7FA1B97}.Release|Any CPU.ActiveCfg = Release|Any CPU
		{2B9E0AEF-251D-4CDF-A646-B58AA7FA1B97}.Release|Any CPU.Build.0 = Release|Any CPU
		{28FA6188-6FF2-415F-9846-896C76D60AB9}.Debug|Any CPU.ActiveCfg = Debug|Any CPU
		{28FA6188-6FF2-415F-9846-896C76D60AB9}.Debug|Any CPU.Build.0 = Debug|Any CPU
		{28FA6188-6FF2-415F-9846-896C76D60AB9}.Release|Any CPU.ActiveCfg = Release|Any CPU
		{28FA6188-6FF2-415F-9846-896C76D60AB9}.Release|Any CPU.Build.0 = Release|Any CPU
		{42AD64DA-942C-45FB-BD53-2D71721D92CC}.Debug|Any CPU.ActiveCfg = Debug|Any CPU
		{42AD64DA-942C-45FB-BD53-2D71721D92CC}.Debug|Any CPU.Build.0 = Debug|Any CPU
		{42AD64DA-942C-45FB-BD53-2D71721D92CC}.Release|Any CPU.ActiveCfg = Release|Any CPU
		{42AD64DA-942C-45FB-BD53-2D71721D92CC}.Release|Any CPU.Build.0 = Release|Any CPU
		{3BF5B21D-DDA4-485A-8388-22A6FB3EB751}.Debug|Any CPU.ActiveCfg = Debug|Any CPU
		{3BF5B21D-DDA4-485A-8388-22A6FB3EB751}.Debug|Any CPU.Build.0 = Debug|Any CPU
		{3BF5B21D-DDA4-485A-8388-22A6FB3EB751}.Release|Any CPU.ActiveCfg = Release|Any CPU
		{3BF5B21D-DDA4-485A-8388-22A6FB3EB751}.Release|Any CPU.Build.0 = Release|Any CPU
	EndGlobalSection
	GlobalSection(SolutionProperties) = preSolution
		HideSolutionNode = FALSE
	EndGlobalSection
	GlobalSection(NestedProjects) = preSolution
		{277222D8-1A51-4E54-A611-76FF02F49B38} = {4479E2D1-BC5F-40EE-958D-567F2419049A}
		{5E13C78D-224F-40A3-A79D-9C0F28CAF0F5} = {277222D8-1A51-4E54-A611-76FF02F49B38}
		{8589EFB4-C0EF-42A6-93FC-C130CD6969CB} = {4479E2D1-BC5F-40EE-958D-567F2419049A}
		{28FA6188-6FF2-415F-9846-896C76D60AB9} = {8589EFB4-C0EF-42A6-93FC-C130CD6969CB}
		{7A5EFF20-CF41-4EA4-85BB-9BF15C2418D9} = {4479E2D1-BC5F-40EE-958D-567F2419049A}
		{42AD64DA-942C-45FB-BD53-2D71721D92CC} = {7A5EFF20-CF41-4EA4-85BB-9BF15C2418D9}
		{3BF5B21D-DDA4-485A-8388-22A6FB3EB751} = {7A5EFF20-CF41-4EA4-85BB-9BF15C2418D9}
	EndGlobalSection
	GlobalSection(ExtensibilityGlobals) = postSolution
		SolutionGuid = {56671E0E-EBB9-4F8E-859D-38A5ACC21204}
	EndGlobalSection
EndGlobal
